
Microsoft Visual Studio Solution File, Format Version 11.00
# Visual Studio 2010
Project("{8BC9CEB8-8B4A-11D0-8D11-00A0C91BC942}") = "Texturing_Intermediate", "Texturing_Intermediate\Texturing_Intermediate.vcxproj", "{91476BC1-5A14-4D38-AEBC-7736673C746A}"
EndProject
Global
	GlobalSection(SolutionConfigurationPlatforms) = preSolution
		Debug|Win32 = Debug|Win32
		Release|Win32 = Release|Win32
	EndGlobalSection
	GlobalSection(ProjectConfigurationPlatforms) = postSolution
		{91476BC1-5A14-4D38-AEBC-7736673C746A}.Debug|Win32.ActiveCfg = Debug|Win32
		{91476BC1-5A14-4D38-AEBC-7736673C746A}.Debug|Win32.Build.0 = Debug|Win32
		{91476BC1-5A14-4D38-AEBC-7736673C746A}.Release|Win32.ActiveCfg = Release|Win32
		{91476BC1-5A14-4D38-AEBC-7736673C746A}.Release|Win32.Build.0 = Release|Win32
	EndGlobalSection
	GlobalSection(SolutionProperties) = preSolution
		HideSolutionNode = FALSE
	EndGlobalSection
EndGlobal
