
Microsoft Visual Studio Solution File, Format Version 12.00
# Visual Studio 14
VisualStudioVersion = 14.0.25420.1
MinimumVisualStudioVersion = 10.0.40219.1
Project("{8BC9CEB8-8B4A-11D0-8D11-00A0C91BC942}") = "Primitives_Basic", "Primitives_Basic\Primitives_Basic.vcxproj", "{01B5BD20-C969-4604-B5F6-E3C0BF4E0FF2}"
EndProject
Project("{8BC9CEB8-8B4A-11D0-8D11-00A0C91BC942}") = "Primitives_Intermediate", "..\Primitives_Intermediate\Primitives_Intermediate\Primitives_Intermediate.vcxproj", "{F1D93F50-CC66-41C3-8E38-718D9FDE1FC6}"
EndProject
Global
	GlobalSection(SolutionConfigurationPlatforms) = preSolution
		Debug|Win32 = Debug|Win32
		Release|Win32 = Release|Win32
	EndGlobalSection
	GlobalSection(ProjectConfigurationPlatforms) = postSolution
		{01B5BD20-C969-4604-B5F6-E3C0BF4E0FF2}.Debug|Win32.ActiveCfg = Debug|Win32
		{01B5BD20-C969-4604-B5F6-E3C0BF4E0FF2}.Debug|Win32.Build.0 = Debug|Win32
		{01B5BD20-C969-4604-B5F6-E3C0BF4E0FF2}.Release|Win32.ActiveCfg = Release|Win32
		{01B5BD20-C969-4604-B5F6-E3C0BF4E0FF2}.Release|Win32.Build.0 = Release|Win32
		{F1D93F50-CC66-41C3-8E38-718D9FDE1FC6}.Debug|Win32.ActiveCfg = Debug|Win32
		{F1D93F50-CC66-41C3-8E38-718D9FDE1FC6}.Debug|Win32.Build.0 = Debug|Win32
		{F1D93F50-CC66-41C3-8E38-718D9FDE1FC6}.Release|Win32.ActiveCfg = Release|Win32
		{F1D93F50-CC66-41C3-8E38-718D9FDE1FC6}.Release|Win32.Build.0 = Release|Win32
	EndGlobalSection
	GlobalSection(SolutionProperties) = preSolution
		HideSolutionNode = FALSE
	EndGlobalSection
EndGlobal
